
Microsoft Visual Studio Solution File, Format Version 12.00
# Visual Studio Version 17
VisualStudioVersion = 17.4.33205.214
MinimumVisualStudioVersion = 10.0.40219.1
Project("{9A19103F-16F7-4668-BE54-9A1E7A4F7556}") = "SSH tunneling", "SSH tunneling\SSH tunneling.csproj", "{C7840CF9-BD10-46F9-88A5-8EC83320F917}"
EndProject
Project("{54435603-DBB4-11D2-8724-00A0C9A8B90C}") = "SSHTunnel", "SSHTunnel\SSHTunnel.vdproj", "{935A5067-A090-467C-B767-4DE90C127B2B}"
EndProject
Global
	GlobalSection(SolutionConfigurationPlatforms) = preSolution
		Debug|Any CPU = Debug|Any CPU
		Release|Any CPU = Release|Any CPU
	EndGlobalSection
	GlobalSection(ProjectConfigurationPlatforms) = postSolution
		{C7840CF9-BD10-46F9-88A5-8EC83320F917}.Debug|Any CPU.ActiveCfg = Debug|Any CPU
		{C7840CF9-BD10-46F9-88A5-8EC83320F917}.Debug|Any CPU.Build.0 = Debug|Any CPU
		{C7840CF9-BD10-46F9-88A5-8EC83320F917}.Release|Any CPU.ActiveCfg = Release|Any CPU
		{C7840CF9-BD10-46F9-88A5-8EC83320F917}.Release|Any CPU.Build.0 = Release|Any CPU
		{935A5067-A090-467C-B767-4DE90C127B2B}.Debug|Any CPU.ActiveCfg = Debug
		{935A5067-A090-467C-B767-4DE90C127B2B}.Release|Any CPU.ActiveCfg = Release
	EndGlobalSection
	GlobalSection(SolutionProperties) = preSolution
		HideSolutionNode = FALSE
	EndGlobalSection
	GlobalSection(ExtensibilityGlobals) = postSolution
		SolutionGuid = {6432B4AB-F655-4B45-8DC3-6EB95B5558FE}
	EndGlobalSection
EndGlobal
